
Microsoft Visual Studio Solution File, Format Version 12.00
# Visual Studio Version 17
VisualStudioVersion = 17.8.34525.116
MinimumVisualStudioVersion = 10.0.40219.1
Project("{FAE04EC0-301F-11D3-BF4B-00C04F79EFBC}") = "OneBillionRowChallenge", "OneBillionRowChallenge\OneBillionRowChallenge.csproj", "{400B02DA-FA46-4301-BE78-3E3F0152CABB}"
EndProject
Global
	GlobalSection(SolutionConfigurationPlatforms) = preSolution
		Debug|Any CPU = Debug|Any CPU
		Release|Any CPU = Release|Any CPU
	EndGlobalSection
	GlobalSection(ProjectConfigurationPlatforms) = postSolution
		{400B02DA-FA46-4301-BE78-3E3F0152CABB}.Debug|Any CPU.ActiveCfg = Debug|Any CPU
		{400B02DA-FA46-4301-BE78-3E3F0152CABB}.Debug|Any CPU.Build.0 = Debug|Any CPU
		{400B02DA-FA46-4301-BE78-3E3F0152CABB}.Release|Any CPU.ActiveCfg = Release|Any CPU
		{400B02DA-FA46-4301-BE78-3E3F0152CABB}.Release|Any CPU.Build.0 = Release|Any CPU
	EndGlobalSection
	GlobalSection(SolutionProperties) = preSolution
		HideSolutionNode = FALSE
	EndGlobalSection
	GlobalSection(ExtensibilityGlobals) = postSolution
		SolutionGuid = {DFFB65E1-69DA-4C7A-A367-EBD65D8FA66E}
	EndGlobalSection
EndGlobal
